
Microsoft Visual Studio Solution File, Format Version 12.00
# Visual Studio Version 17
VisualStudioVersion = 17.10.35013.160
MinimumVisualStudioVersion = 10.0.40219.1
Project("{9A19103F-16F7-4668-BE54-9A1E7A4F7556}") = "FileSite", "FileSite\FileSite.csproj", "{A674DD8E-F113-4AB5-AF73-4A3C9FCF62DA}"
EndProject
Global
	GlobalSection(SolutionConfigurationPlatforms) = preSolution
		Debug|Any CPU = Debug|Any CPU
		Release|Any CPU = Release|Any CPU
	EndGlobalSection
	GlobalSection(ProjectConfigurationPlatforms) = postSolution
		{A674DD8E-F113-4AB5-AF73-4A3C9FCF62DA}.Debug|Any CPU.ActiveCfg = Debug|Any CPU
		{A674DD8E-F113-4AB5-AF73-4A3C9FCF62DA}.Debug|Any CPU.Build.0 = Debug|Any CPU
		{A674DD8E-F113-4AB5-AF73-4A3C9FCF62DA}.Release|Any CPU.ActiveCfg = Release|Any CPU
		{A674DD8E-F113-4AB5-AF73-4A3C9FCF62DA}.Release|Any CPU.Build.0 = Release|Any CPU
	EndGlobalSection
	GlobalSection(SolutionProperties) = preSolution
		HideSolutionNode = FALSE
	EndGlobalSection
	GlobalSection(ExtensibilityGlobals) = postSolution
		SolutionGuid = {D84A2C43-48BF-4B22-BEE7-44AE886DDBD1}
	EndGlobalSection
EndGlobal
